
Microsoft Visual Studio Solution File, Format Version 12.00
# Visual Studio 15
VisualStudioVersion = 15.0.27130.2010
MinimumVisualStudioVersion = 10.0.40219.1
Project("{FAE04EC0-301F-11D3-BF4B-00C04F79EFBC}") = "ktu16-5", "ktu16-5\ktu16-5.csproj", "{5CCB2006-77E5-429C-9AD8-3255087A16F9}"
EndProject
Global
	GlobalSection(SolutionConfigurationPlatforms) = preSolution
		Debug|Any CPU = Debug|Any CPU
		Release|Any CPU = Release|Any CPU
	EndGlobalSection
	GlobalSection(ProjectConfigurationPlatforms) = postSolution
		{5CCB2006-77E5-429C-9AD8-3255087A16F9}.Debug|Any CPU.ActiveCfg = Debug|Any CPU
		{5CCB2006-77E5-429C-9AD8-3255087A16F9}.Debug|Any CPU.Build.0 = Debug|Any CPU
		{5CCB2006-77E5-429C-9AD8-3255087A16F9}.Release|Any CPU.ActiveCfg = Release|Any CPU
		{5CCB2006-77E5-429C-9AD8-3255087A16F9}.Release|Any CPU.Build.0 = Release|Any CPU
	EndGlobalSection
	GlobalSection(SolutionProperties) = preSolution
		HideSolutionNode = FALSE
	EndGlobalSection
	GlobalSection(ExtensibilityGlobals) = postSolution
		SolutionGuid = {8FF4ACB5-81A5-4185-8CC7-06C1355C50CE}
	EndGlobalSection
EndGlobal
